{
  "nodes": {
    "agenix": {
      "inputs": {
        "darwin": "darwin",
        "nixpkgs": [
          "nixpkgs"
        ]
      },
      "locked": {
        "lastModified": 1677247280,
        "narHash": "sha256-sa+8MtoAOSLsWP9vf0qiJUyMovIEYgDzHE8TkoK04Hk=",
        "owner": "ryantm",
        "repo": "agenix",
        "rev": "833f87c8ff574a29aea3e091045cbaed3cf86bc1",
        "type": "github"
      },
      "original": {
        "owner": "ryantm",
        "repo": "agenix",
        "type": "github"
      }
    },
    "darwin": {
      "inputs": {
        "nixpkgs": [
          "agenix",
          "nixpkgs"
        ]
      },
      "locked": {
        "lastModified": 1673295039,
        "narHash": "sha256-AsdYgE8/GPwcelGgrntlijMg4t3hLFJFCRF3tL5WVjA=",
        "owner": "lnl7",
        "repo": "nix-darwin",
        "rev": "87b9d090ad39b25b2400029c64825fc2a8868943",
        "type": "github"
      },
      "original": {
        "owner": "lnl7",
        "ref": "master",
        "repo": "nix-darwin",
        "type": "github"
      }
    },
    "flake-utils": {
      "locked": {
        "lastModified": 1659877975,
        "narHash": "sha256-zllb8aq3YO3h8B/U0/J1WBgAL8EX5yWf5pMj3G0NAmc=",
        "owner": "numtide",
        "repo": "flake-utils",
        "rev": "c0e246b9b83f637f4681389ecabcb2681b4f3af0",
        "type": "github"
      },
      "original": {
        "owner": "numtide",
        "repo": "flake-utils",
        "type": "github"
      }
    },
    "home-manager": {
      "inputs": {
        "nixpkgs": [
          "nixpkgs"
        ],
        "utils": "utils"
      },
      "locked": {
        "lastModified": 1677104801,
        "narHash": "sha256-2V5nKOYVFMYlseYdDKiEaww2xqcE0GtS1ax3SoUX99I=",
        "owner": "nix-community",
        "repo": "home-manager",
        "rev": "4295fdfa6b0005c32f2e1f0b732faf5810c1bc7f",
        "type": "github"
      },
      "original": {
        "owner": "nix-community",
        "repo": "home-manager",
        "type": "github"
      }
    },
    "nixpkgs": {
      "locked": {
        "lastModified": 1677063315,
        "narHash": "sha256-qiB4ajTeAOVnVSAwCNEEkoybrAlA+cpeiBxLobHndE8=",
        "owner": "NixOS",
        "repo": "nixpkgs",
        "rev": "988cc958c57ce4350ec248d2d53087777f9e1949",
        "type": "github"
      },
      "original": {
        "id": "nixpkgs",
        "ref": "nixos-unstable",
        "type": "indirect"
      }
    },
    "nixpkgs-main": {
      "locked": {
        "lastModified": 1677265036,
        "narHash": "sha256-xRpyX92/gf3I3i0XQNmjOM1ltT9wliufgRqTEd6t+lk=",
        "owner": "NixOS",
        "repo": "nixpkgs",
        "rev": "73e5948d58c364493abc75d6db05ed3d2b8725c7",
        "type": "github"
      },
      "original": {
        "owner": "NixOS",
        "repo": "nixpkgs",
        "type": "github"
      }
    },
    "nixpkgs-stable": {
      "locked": {
        "lastModified": 1677179781,
        "narHash": "sha256-+peLp16ruWLuTFHo0ZUbLlS1/meS/+RsWQQ9bUAzOh8=",
        "owner": "NixOS",
        "repo": "nixpkgs",
        "rev": "50c23cd4ff6c8344e0b4d438b027b3afabfe58dd",
        "type": "github"
      },
      "original": {
        "id": "nixpkgs",
        "ref": "nixos-22.11",
        "type": "indirect"
      }
    },
    "nixpkgs-unstable": {
      "locked": {
        "lastModified": 1677142198,
        "narHash": "sha256-Y/uC2ZmkQkyrdRZ5szZilhZ/46786Wio5CGTgL+Vb/c=",
        "owner": "NixOS",
        "repo": "nixpkgs",
        "rev": "03fb72201639e5274fee6d77b0d9c66e98329aba",
        "type": "github"
      },
      "original": {
        "id": "nixpkgs",
        "ref": "nixpkgs-unstable",
        "type": "indirect"
      }
    },
    "private": {
      "inputs": {
        "agenix": [
          "agenix"
        ]
      },
      "locked": {
        "lastModified": 1676122738,
        "narHash": "sha256-hNkJnAd9wq1PBA5pFqsd+W8uGsI0bTv9Z7GSC7kNA9w=",
        "ref": "refs/heads/main",
        "rev": "a56457271e97a0e684a90fbd153eb4c22c0c0b3c",
        "revCount": 45,
        "type": "git",
        "url": "file:///home/pyrolagus/.config/dotfiles/private.flake"
      },
      "original": {
        "type": "git",
        "url": "file:///home/pyrolagus/.config/dotfiles/private.flake"
      }
    },
    "root": {
      "inputs": {
        "agenix": "agenix",
        "home-manager": "home-manager",
        "nixpkgs": "nixpkgs",
        "nixpkgs-main": "nixpkgs-main",
        "nixpkgs-stable": "nixpkgs-stable",
        "nixpkgs-unstable": "nixpkgs-unstable",
        "private": "private",
        "rust-overlay": "rust-overlay"
      }
    },
    "rust-overlay": {
      "inputs": {
        "flake-utils": "flake-utils",
        "nixpkgs": [
          "nixpkgs"
        ]
      },
      "locked": {
        "lastModified": 1677205778,
        "narHash": "sha256-DFe09uzS+8LjGBAAyHkB/5Axs0j/PQ8RLWFzm2FUZLA=",
        "owner": "oxalica",
        "repo": "rust-overlay",
        "rev": "b91706f9d5a68fecf97b63753da8e9670dff782b",
        "type": "github"
      },
      "original": {
        "owner": "oxalica",
        "repo": "rust-overlay",
        "type": "github"
      }
    },
    "utils": {
      "locked": {
        "lastModified": 1667395993,
        "narHash": "sha256-nuEHfE/LcWyuSWnS8t12N1wc105Qtau+/OdUAjtQ0rA=",
        "owner": "numtide",
        "repo": "flake-utils",
        "rev": "5aed5285a952e0b949eb3ba02c12fa4fcfef535f",
        "type": "github"
      },
      "original": {
        "owner": "numtide",
        "repo": "flake-utils",
        "type": "github"
      }
    }
  },
  "root": "root",
  "version": 7
}
